
Microsoft Visual Studio Solution File, Format Version 12.00
# Visual Studio 15
VisualStudioVersion = 15.0.28307.271
MinimumVisualStudioVersion = 10.0.40219.1
Project("{FAE04EC0-301F-11D3-BF4B-00C04F79EFBC}") = "UmbracoTest", "UmbracoTest\UmbracoTest.csproj", "{D43A27A9-D34B-4CEA-A07B-FBF82AA51D26}"
EndProject
Global
	GlobalSection(SolutionConfigurationPlatforms) = preSolution
		Debug|Any CPU = Debug|Any CPU
		Release|Any CPU = Release|Any CPU
	EndGlobalSection
	GlobalSection(ProjectConfigurationPlatforms) = postSolution
		{D43A27A9-D34B-4CEA-A07B-FBF82AA51D26}.Debug|Any CPU.ActiveCfg = Debug|Any CPU
		{D43A27A9-D34B-4CEA-A07B-FBF82AA51D26}.Debug|Any CPU.Build.0 = Debug|Any CPU
		{D43A27A9-D34B-4CEA-A07B-FBF82AA51D26}.Release|Any CPU.ActiveCfg = Release|Any CPU
		{D43A27A9-D34B-4CEA-A07B-FBF82AA51D26}.Release|Any CPU.Build.0 = Release|Any CPU
	EndGlobalSection
	GlobalSection(SolutionProperties) = preSolution
		HideSolutionNode = FALSE
	EndGlobalSection
	GlobalSection(ExtensibilityGlobals) = postSolution
		SolutionGuid = {7797BAB0-4E49-46B4-A1C3-8D381A61001B}
	EndGlobalSection
EndGlobal
